<?xml version="1.0" encoding="utf-8"?>
<Project ToolsVersion="4.0" xmlns="http://schemas.microsoft.com/developer/msbuild/2003">
  <ItemGroup>
    <Filter Include="Source Files">
      <UniqueIdentifier>{4FC737F1-C7A5-4376-A066-2A32D752A2FF}</UniqueIdentifier>
      <Extensions>cpp;c;cc;cxx;c++;cppm;ixx;def;odl;idl;hpj;bat;asm;asmx</Extensions>
    </Filter>
    <Filter Include="Header Files">
      <UniqueIdentifier>{93995380-89BD-4b04-88EB-625FBE52EBFB}</UniqueIdentifier>
      <Extensions>h;hh;hpp;hxx;h++;hm;inl;inc;ipp;xsd</Extensions>
    </Filter>
    <Filter Include="Resource Files">
      <UniqueIdentifier>{67DA6AB6-F800-4c08-8B7A-83BB121AAD01}</UniqueIdentifier>
      <Extensions>rc;ico;cur;bmp;dlg;rc2;rct;bin;rgs;gif;jpg;jpeg;jpe;resx;tiff;tif;png;wav;mfcribbon-ms</Extensions>
    </Filter>
    <Filter Include="Shader">
      <UniqueIdentifier>{435a27e5-8416-4fb1-aa79-d44393f8f4c1}</UniqueIdentifier>
    </Filter>
  </ItemGroup>
  <ItemGroup>
    <ClCompile Include="code\src\main.cpp">
      <Filter>Source Files</Filter>
    </ClCompile>
    <ClCompile Include="code\src\gameApp.cpp">
      <Filter>Source Files</Filter>
    </ClCompile>
    <ClCompile Include="code\src\timer.cpp">
      <Filter>Source Files</Filter>
    </ClCompile>
    <ClCompile Include="code\src\stdafx.cpp">
      <Filter>Source Files</Filter>
    </ClCompile>
    <ClCompile Include="code\src\mesh.cpp">
      <Filter>Source Files</Filter>
    </ClCompile>
    <ClCompile Include="code\src\util.cpp">
      <Filter>Source Files</Filter>
    </ClCompile>
    <ClCompile Include="code\src\frameResource.cpp">
      <Filter>Source Files</Filter>
    </ClCompile>
    <ClCompile Include="code\src\descriptor.cpp">
      <Filter>Source Files</Filter>
    </ClCompile>
    <ClCompile Include="code\src\debugPass.cpp">
      <Filter>Source Files</Filter>
    </ClCompile>
    <ClCompile Include="code\src\scene.cpp">
      <Filter>Source Files</Filter>
    </ClCompile>
    <ClCompile Include="code\src\texture.cpp">
      <Filter>Source Files</Filter>
    </ClCompile>
    <ClCompile Include="code\src\globals.cpp">
      <Filter>Source Files</Filter>
    </ClCompile>
    <ClCompile Include="code\src\material.cpp">
      <Filter>Source Files</Filter>
    </ClCompile>
    <ClCompile Include="code\src\skyBoxPass.cpp">
      <Filter>Source Files</Filter>
    </ClCompile>
    <ClCompile Include="code\src\opaqueLitPass.cpp">
      <Filter>Source Files</Filter>
    </ClCompile>
    <ClCompile Include="code\src\IBLPreprocessPass.cpp">
      <Filter>Source Files</Filter>
    </ClCompile>
    <ClCompile Include="code\src\shadowPass.cpp">
      <Filter>Source Files</Filter>
    </ClCompile>
    <ClCompile Include="code\src\camera.cpp">
      <Filter>Source Files</Filter>
    </ClCompile>
    <ClCompile Include="code\src\SSAOPass.cpp">
      <Filter>Source Files</Filter>
    </ClCompile>
  </ItemGroup>
  <ItemGroup>
    <ClInclude Include="code\inc\gameApp.h">
      <Filter>Header Files</Filter>
    </ClInclude>
    <ClInclude Include="code\inc\timer.h">
      <Filter>Header Files</Filter>
    </ClInclude>
    <ClInclude Include="code\inc\d3dx12.h">
      <Filter>Header Files</Filter>
    </ClInclude>
    <ClInclude Include="code\inc\stdafx.h">
      <Filter>Header Files</Filter>
    </ClInclude>
    <ClInclude Include="code\inc\globals.h">
      <Filter>Header Files</Filter>
    </ClInclude>
    <ClInclude Include="code\inc\frameResource.h">
      <Filter>Header Files</Filter>
    </ClInclude>
    <ClInclude Include="code\inc\descriptor.h">
      <Filter>Header Files</Filter>
    </ClInclude>
    <ClInclude Include="code\inc\mesh.h">
      <Filter>Header Files</Filter>
    </ClInclude>
    <ClInclude Include="code\inc\material.h">
      <Filter>Header Files</Filter>
    </ClInclude>
    <ClInclude Include="code\inc\texture.h">
      <Filter>Header Files</Filter>
    </ClInclude>
    <ClInclude Include="code\inc\resourceContainer.h">
      <Filter>Header Files</Filter>
    </ClInclude>
    <ClInclude Include="code\inc\util.h">
      <Filter>Header Files</Filter>
    </ClInclude>
    <ClInclude Include="code\inc\passBase.h">
      <Filter>Header Files</Filter>
    </ClInclude>
    <ClInclude Include="code\inc\graphicContext.h">
      <Filter>Header Files</Filter>
    </ClInclude>
    <ClInclude Include="code\inc\debugPass.h">
      <Filter>Header Files</Filter>
    </ClInclude>
    <ClInclude Include="code\inc\scene.h">
      <Filter>Header Files</Filter>
    </ClInclude>
    <ClInclude Include="code\inc\camera.h">
      <Filter>Header Files</Filter>
    </ClInclude>
    <ClInclude Include="code\inc\light.h">
      <Filter>Header Files</Filter>
    </ClInclude>
    <ClInclude Include="code\inc\skyBoxPass.h">
      <Filter>Header Files</Filter>
    </ClInclude>
    <ClInclude Include="code\inc\opaqueLitPass.h">
      <Filter>Header Files</Filter>
    </ClInclude>
    <ClInclude Include="code\inc\IBLPreprocessPass.h">
      <Filter>Header Files</Filter>
    </ClInclude>
    <ClInclude Include="code\inc\shadowPass.h">
      <Filter>Header Files</Filter>
    </ClInclude>
    <ClInclude Include="code\inc\SSAOPass.h">
      <Filter>Header Files</Filter>
    </ClInclude>
  </ItemGroup>
  <ItemGroup>
    <None Include="packages.config" />
  </ItemGroup>
</Project>